
Microsoft Visual Studio Solution File, Format Version 12.00
# Visual Studio 14
VisualStudioVersion = 14.0.25123.0
MinimumVisualStudioVersion = 10.0.40219.1
Project("{FAE04EC0-301F-11D3-BF4B-00C04F79EFBC}") = "plugin", "plugin\plugin.csproj", "{4D051B15-126B-4EB6-8B3B-B12D0ADFAFF6}"
EndProject
Project("{8BC9CEB8-8B4A-11D0-8D11-00A0C91BC942}") = "host", "host\host.vcxproj", "{B1CC0A3F-9394-401B-93C2-19FE19AEE262}"
EndProject
Project("{8BC9CEB8-8B4A-11D0-8D11-00A0C91BC942}") = "shim", "shim\shim.vcxproj", "{BE743E7F-5BD3-490A-BD59-02969986086B}"
EndProject
Project("{FAE04EC0-301F-11D3-BF4B-00C04F79EFBC}") = "codegen", "codegen\codegen.csproj", "{11E11603-C4A0-4864-800E-9516B67DFFD4}"
EndProject
Project("{2150E333-8FDC-42A3-9474-1A3956D46DE8}") = "doc", "doc", "{9980A909-72DB-4A92-8DF1-F17E8ED4A0DB}"
	ProjectSection(SolutionItems) = preProject
		doc\Design.md = doc\Design.md
		doc\Overview.svg = doc\Overview.svg
		doc\Overview.vsdx = doc\Overview.vsdx
	EndProjectSection
EndProject
Global
	GlobalSection(SolutionConfigurationPlatforms) = preSolution
		Debug|Any CPU = Debug|Any CPU
		Debug|x64 = Debug|x64
		Debug|x86 = Debug|x86
		Release|Any CPU = Release|Any CPU
		Release|x64 = Release|x64
		Release|x86 = Release|x86
	EndGlobalSection
	GlobalSection(ProjectConfigurationPlatforms) = postSolution
		{4D051B15-126B-4EB6-8B3B-B12D0ADFAFF6}.Debug|Any CPU.ActiveCfg = Debug|Any CPU
		{4D051B15-126B-4EB6-8B3B-B12D0ADFAFF6}.Debug|Any CPU.Build.0 = Debug|Any CPU
		{4D051B15-126B-4EB6-8B3B-B12D0ADFAFF6}.Debug|x64.ActiveCfg = Debug|Any CPU
		{4D051B15-126B-4EB6-8B3B-B12D0ADFAFF6}.Debug|x64.Build.0 = Debug|Any CPU
		{4D051B15-126B-4EB6-8B3B-B12D0ADFAFF6}.Debug|x86.ActiveCfg = Debug|Any CPU
		{4D051B15-126B-4EB6-8B3B-B12D0ADFAFF6}.Debug|x86.Build.0 = Debug|Any CPU
		{4D051B15-126B-4EB6-8B3B-B12D0ADFAFF6}.Release|Any CPU.ActiveCfg = Release|Any CPU
		{4D051B15-126B-4EB6-8B3B-B12D0ADFAFF6}.Release|Any CPU.Build.0 = Release|Any CPU
		{4D051B15-126B-4EB6-8B3B-B12D0ADFAFF6}.Release|x64.ActiveCfg = Release|Any CPU
		{4D051B15-126B-4EB6-8B3B-B12D0ADFAFF6}.Release|x64.Build.0 = Release|Any CPU
		{4D051B15-126B-4EB6-8B3B-B12D0ADFAFF6}.Release|x86.ActiveCfg = Release|Any CPU
		{4D051B15-126B-4EB6-8B3B-B12D0ADFAFF6}.Release|x86.Build.0 = Release|Any CPU
		{B1CC0A3F-9394-401B-93C2-19FE19AEE262}.Debug|Any CPU.ActiveCfg = Debug|Win32
		{B1CC0A3F-9394-401B-93C2-19FE19AEE262}.Debug|x64.ActiveCfg = Debug|x64
		{B1CC0A3F-9394-401B-93C2-19FE19AEE262}.Debug|x64.Build.0 = Debug|x64
		{B1CC0A3F-9394-401B-93C2-19FE19AEE262}.Debug|x86.ActiveCfg = Debug|Win32
		{B1CC0A3F-9394-401B-93C2-19FE19AEE262}.Debug|x86.Build.0 = Debug|Win32
		{B1CC0A3F-9394-401B-93C2-19FE19AEE262}.Release|Any CPU.ActiveCfg = Release|Win32
		{B1CC0A3F-9394-401B-93C2-19FE19AEE262}.Release|x64.ActiveCfg = Release|x64
		{B1CC0A3F-9394-401B-93C2-19FE19AEE262}.Release|x64.Build.0 = Release|x64
		{B1CC0A3F-9394-401B-93C2-19FE19AEE262}.Release|x86.ActiveCfg = Release|Win32
		{B1CC0A3F-9394-401B-93C2-19FE19AEE262}.Release|x86.Build.0 = Release|Win32
		{BE743E7F-5BD3-490A-BD59-02969986086B}.Debug|Any CPU.ActiveCfg = Debug|Win32
		{BE743E7F-5BD3-490A-BD59-02969986086B}.Debug|x64.ActiveCfg = Debug|x64
		{BE743E7F-5BD3-490A-BD59-02969986086B}.Debug|x64.Build.0 = Debug|x64
		{BE743E7F-5BD3-490A-BD59-02969986086B}.Debug|x86.ActiveCfg = Debug|Win32
		{BE743E7F-5BD3-490A-BD59-02969986086B}.Debug|x86.Build.0 = Debug|Win32
		{BE743E7F-5BD3-490A-BD59-02969986086B}.Release|Any CPU.ActiveCfg = Release|Win32
		{BE743E7F-5BD3-490A-BD59-02969986086B}.Release|x64.ActiveCfg = Release|x64
		{BE743E7F-5BD3-490A-BD59-02969986086B}.Release|x64.Build.0 = Release|x64
		{BE743E7F-5BD3-490A-BD59-02969986086B}.Release|x86.ActiveCfg = Release|Win32
		{BE743E7F-5BD3-490A-BD59-02969986086B}.Release|x86.Build.0 = Release|Win32
		{11E11603-C4A0-4864-800E-9516B67DFFD4}.Debug|Any CPU.ActiveCfg = Debug|Any CPU
		{11E11603-C4A0-4864-800E-9516B67DFFD4}.Debug|Any CPU.Build.0 = Debug|Any CPU
		{11E11603-C4A0-4864-800E-9516B67DFFD4}.Debug|x64.ActiveCfg = Debug|Any CPU
		{11E11603-C4A0-4864-800E-9516B67DFFD4}.Debug|x64.Build.0 = Debug|Any CPU
		{11E11603-C4A0-4864-800E-9516B67DFFD4}.Debug|x86.ActiveCfg = Debug|Any CPU
		{11E11603-C4A0-4864-800E-9516B67DFFD4}.Debug|x86.Build.0 = Debug|Any CPU
		{11E11603-C4A0-4864-800E-9516B67DFFD4}.Release|Any CPU.ActiveCfg = Release|Any CPU
		{11E11603-C4A0-4864-800E-9516B67DFFD4}.Release|Any CPU.Build.0 = Release|Any CPU
		{11E11603-C4A0-4864-800E-9516B67DFFD4}.Release|x64.ActiveCfg = Release|Any CPU
		{11E11603-C4A0-4864-800E-9516B67DFFD4}.Release|x64.Build.0 = Release|Any CPU
		{11E11603-C4A0-4864-800E-9516B67DFFD4}.Release|x86.ActiveCfg = Release|Any CPU
		{11E11603-C4A0-4864-800E-9516B67DFFD4}.Release|x86.Build.0 = Release|Any CPU
	EndGlobalSection
	GlobalSection(SolutionProperties) = preSolution
		HideSolutionNode = FALSE
	EndGlobalSection
EndGlobal
